
Microsoft Visual Studio Solution File, Format Version 12.00
# Visual Studio Version 16
VisualStudioVersion = 16.0.30413.136
MinimumVisualStudioVersion = 10.0.40219.1
Project("{FAE04EC0-301F-11D3-BF4B-00C04F79EFBC}") = "ConversorDeFoto.Forms", "ConversorDeFoto.Forms\ConversorDeFoto.Forms.csproj", "{9CA9E12E-328C-4AAB-AB58-47500B50AEAB}"
EndProject
Global
	GlobalSection(SolutionConfigurationPlatforms) = preSolution
		Debug|Any CPU = Debug|Any CPU
		Release|Any CPU = Release|Any CPU
	EndGlobalSection
	GlobalSection(ProjectConfigurationPlatforms) = postSolution
		{9CA9E12E-328C-4AAB-AB58-47500B50AEAB}.Debug|Any CPU.ActiveCfg = Debug|Any CPU
		{9CA9E12E-328C-4AAB-AB58-47500B50AEAB}.Debug|Any CPU.Build.0 = Debug|Any CPU
		{9CA9E12E-328C-4AAB-AB58-47500B50AEAB}.Release|Any CPU.ActiveCfg = Release|Any CPU
		{9CA9E12E-328C-4AAB-AB58-47500B50AEAB}.Release|Any CPU.Build.0 = Release|Any CPU
	EndGlobalSection
	GlobalSection(SolutionProperties) = preSolution
		HideSolutionNode = FALSE
	EndGlobalSection
	GlobalSection(ExtensibilityGlobals) = postSolution
		SolutionGuid = {82858AED-6130-4DD6-9925-1768741C3334}
	EndGlobalSection
EndGlobal
